
Microsoft Visual Studio Solution File, Format Version 12.00
# Visual Studio 2012
Project("{FAE04EC0-301F-11D3-BF4B-00C04F79EFBC}") = "leg1", "leg1\leg1.csproj", "{853F4976-964C-4B15-BAC1-4D8E804ED082}"
EndProject
Global
	GlobalSection(SolutionConfigurationPlatforms) = preSolution
		Debug|Any CPU = Debug|Any CPU
		Release|Any CPU = Release|Any CPU
	EndGlobalSection
	GlobalSection(ProjectConfigurationPlatforms) = postSolution
		{853F4976-964C-4B15-BAC1-4D8E804ED082}.Debug|Any CPU.ActiveCfg = Debug|Any CPU
		{853F4976-964C-4B15-BAC1-4D8E804ED082}.Debug|Any CPU.Build.0 = Debug|Any CPU
		{853F4976-964C-4B15-BAC1-4D8E804ED082}.Release|Any CPU.ActiveCfg = Release|Any CPU
		{853F4976-964C-4B15-BAC1-4D8E804ED082}.Release|Any CPU.Build.0 = Release|Any CPU
	EndGlobalSection
	GlobalSection(SolutionProperties) = preSolution
		HideSolutionNode = FALSE
	EndGlobalSection
EndGlobal
