
Microsoft Visual Studio Solution File, Format Version 12.00
# Visual Studio 2012
Project("{FAE04EC0-301F-11D3-BF4B-00C04F79EFBC}") = "leg5", "leg5\leg5.csproj", "{F938131E-C231-42B2-9C99-11AA46CCFFBC}"
EndProject
Global
	GlobalSection(SolutionConfigurationPlatforms) = preSolution
		Debug|Any CPU = Debug|Any CPU
		Release|Any CPU = Release|Any CPU
	EndGlobalSection
	GlobalSection(ProjectConfigurationPlatforms) = postSolution
		{F938131E-C231-42B2-9C99-11AA46CCFFBC}.Debug|Any CPU.ActiveCfg = Debug|Any CPU
		{F938131E-C231-42B2-9C99-11AA46CCFFBC}.Debug|Any CPU.Build.0 = Debug|Any CPU
		{F938131E-C231-42B2-9C99-11AA46CCFFBC}.Release|Any CPU.ActiveCfg = Release|Any CPU
		{F938131E-C231-42B2-9C99-11AA46CCFFBC}.Release|Any CPU.Build.0 = Release|Any CPU
	EndGlobalSection
	GlobalSection(SolutionProperties) = preSolution
		HideSolutionNode = FALSE
	EndGlobalSection
EndGlobal
